
Microsoft Visual Studio Solution File, Format Version 12.00
# Visual Studio Version 16
VisualStudioVersion = 16.0.30225.117
MinimumVisualStudioVersion = 10.0.40219.1
Project("{9A19103F-16F7-4668-BE54-9A1E7A4F7556}") = "TBuilderControls", "TBuilderControls\TBuilderControls.csproj", "{152AAFF2-8771-4A2E-909F-9088BD8635F4}"
EndProject
Project("{2150E333-8FDC-42A3-9474-1A3956D46DE8}") = "UnitTesting", "UnitTesting", "{8DC15D9F-AFBE-452E-BA04-16EEF3BF1FBB}"
EndProject
Project("{FAE04EC0-301F-11D3-BF4B-00C04F79EFBC}") = "UserControlTesting", "UnitTesting\UserControlTesting\UserControlTesting.csproj", "{04FFD59A-C248-44D4-97AA-52D6B4BF9471}"
EndProject
Global
	GlobalSection(SolutionConfigurationPlatforms) = preSolution
		Debug|Any CPU = Debug|Any CPU
		Release|Any CPU = Release|Any CPU
	EndGlobalSection
	GlobalSection(ProjectConfigurationPlatforms) = postSolution
		{152AAFF2-8771-4A2E-909F-9088BD8635F4}.Debug|Any CPU.ActiveCfg = Debug|Any CPU
		{152AAFF2-8771-4A2E-909F-9088BD8635F4}.Debug|Any CPU.Build.0 = Debug|Any CPU
		{152AAFF2-8771-4A2E-909F-9088BD8635F4}.Release|Any CPU.ActiveCfg = Release|Any CPU
		{152AAFF2-8771-4A2E-909F-9088BD8635F4}.Release|Any CPU.Build.0 = Release|Any CPU
		{04FFD59A-C248-44D4-97AA-52D6B4BF9471}.Debug|Any CPU.ActiveCfg = Debug|Any CPU
		{04FFD59A-C248-44D4-97AA-52D6B4BF9471}.Debug|Any CPU.Build.0 = Debug|Any CPU
		{04FFD59A-C248-44D4-97AA-52D6B4BF9471}.Release|Any CPU.ActiveCfg = Release|Any CPU
		{04FFD59A-C248-44D4-97AA-52D6B4BF9471}.Release|Any CPU.Build.0 = Release|Any CPU
	EndGlobalSection
	GlobalSection(SolutionProperties) = preSolution
		HideSolutionNode = FALSE
	EndGlobalSection
	GlobalSection(NestedProjects) = preSolution
		{04FFD59A-C248-44D4-97AA-52D6B4BF9471} = {8DC15D9F-AFBE-452E-BA04-16EEF3BF1FBB}
	EndGlobalSection
	GlobalSection(ExtensibilityGlobals) = postSolution
		SolutionGuid = {FFFF65B5-A0F7-4842-9831-C9B44698DC0E}
	EndGlobalSection
EndGlobal
